<?xml version="1.0" encoding="utf-8"?>
<Project ToolsVersion="4.0" xmlns="http://schemas.microsoft.com/developer/msbuild/2003">
  <ItemGroup>
    <Filter Include="Source Files">
      <UniqueIdentifier>{4FC737F1-C7A5-4376-A066-2A32D752A2FF}</UniqueIdentifier>
      <Extensions>cpp;c;cc;cxx;c++;cppm;ixx;def;odl;idl;hpj;bat;asm;asmx</Extensions>
    </Filter>
    <Filter Include="Header Files">
      <UniqueIdentifier>{93995380-89BD-4b04-88EB-625FBE52EBFB}</UniqueIdentifier>
      <Extensions>h;hh;hpp;hxx;h++;hm;inl;inc;ipp;xsd</Extensions>
    </Filter>
    <Filter Include="Resource Files">
      <UniqueIdentifier>{67DA6AB6-F800-4c08-8B7A-83BB121AAD01}</UniqueIdentifier>
      <Extensions>rc;ico;cur;bmp;dlg;rc2;rct;bin;rgs;gif;jpg;jpeg;jpe;resx;tiff;tif;png;wav;mfcribbon-ms</Extensions>
    </Filter>
  </ItemGroup>
  <ItemGroup>
    <ClInclude Include="windows\basewin.hpp">
      <Filter>Header Files</Filter>
    </ClInclude>
    <ClInclude Include="windows\renderer.hpp">
      <Filter>Header Files</Filter>
    </ClInclude>
    <ClInclude Include="utils\color.hpp">
      <Filter>Header Files</Filter>
    </ClInclude>
    <ClInclude Include="utils\point.hpp">
      <Filter>Header Files</Filter>
    </ClInclude>
    <ClInclude Include="utils\util.hpp">
      <Filter>Header Files</Filter>
    </ClInclude>
    <ClInclude Include="settings\settings.hpp">
      <Filter>Header Files</Filter>
    </ClInclude>
    <ClInclude Include="parsers\eek_parser.hpp">
      <Filter>Header Files</Filter>
    </ClInclude>
    <ClInclude Include="parsers\parser.hpp">
      <Filter>Header Files</Filter>
    </ClInclude>
    <ClInclude Include="main\StoryExplorer.hpp">
      <Filter>Header Files</Filter>
    </ClInclude>
    <ClInclude Include="cmd_parser\command_parser.hpp">
      <Filter>Header Files</Filter>
    </ClInclude>
    <ClInclude Include="targetver.h">
      <Filter>Header Files</Filter>
    </ClInclude>
    <ClInclude Include="utils\node.hpp">
      <Filter>Header Files</Filter>
    </ClInclude>
    <ClInclude Include="utils\json.hpp">
      <Filter>Header Files</Filter>
    </ClInclude>
    <ClInclude Include="layouter.hpp">
      <Filter>Header Files</Filter>
    </ClInclude>
    <ClInclude Include="dpcw_layouter.hpp">
      <Filter>Header Files</Filter>
    </ClInclude>
    <ClInclude Include="sugiyama_layouter.hpp">
      <Filter>Header Files</Filter>
    </ClInclude>
  </ItemGroup>
  <ItemGroup>
    <ClCompile Include="windows\renderer.cpp">
      <Filter>Source Files</Filter>
    </ClCompile>
    <ClCompile Include="settings\settings.cpp">
      <Filter>Source Files</Filter>
    </ClCompile>
    <ClCompile Include="parsers\eek_parser.cpp">
      <Filter>Source Files</Filter>
    </ClCompile>
    <ClCompile Include="main\StoryExplorer.cpp">
      <Filter>Source Files</Filter>
    </ClCompile>
    <ClCompile Include="cmd_parser\command_parser.cpp">
      <Filter>Source Files</Filter>
    </ClCompile>
    <ClCompile Include="layouters\dpcw_layouter.cpp">
      <Filter>Source Files</Filter>
    </ClCompile>
    <ClCompile Include="layouters\sugiyama_layouter.cpp">
      <Filter>Source Files</Filter>
    </ClCompile>
  </ItemGroup>
  <ItemGroup>
    <Image Include="main\small.ico">
      <Filter>Resource Files</Filter>
    </Image>
    <Image Include="main\StoryExplorer.ico">
      <Filter>Resource Files</Filter>
    </Image>
  </ItemGroup>
  <ItemGroup>
    <None Include="cpp.hint" />
  </ItemGroup>
</Project>